
Microsoft Visual Studio Solution File, Format Version 12.00
# Visual Studio Version 16
VisualStudioVersion = 16.0.31729.503
MinimumVisualStudioVersion = 10.0.40219.1
Project("{9A19103F-16F7-4668-BE54-9A1E7A4F7556}") = "bootstrapper", "bootstrapper\bootstrapper.csproj", "{E0F8D1D0-B649-476B-860A-3D17D42475F9}"
EndProject
Project("{FAE04EC0-301F-11D3-BF4B-00C04F79EFBC}") = "installer", "installer.csproj", "{7EEAB141-F61A-4185-879F-8F2F7FE8C809}"
	ProjectSection(ProjectDependencies) = postProject
		{E0F8D1D0-B649-476B-860A-3D17D42475F9} = {E0F8D1D0-B649-476B-860A-3D17D42475F9}
	EndProjectSection
EndProject
Global
	GlobalSection(SolutionConfigurationPlatforms) = preSolution
		Debug|Any CPU = Debug|Any CPU
		Release|Any CPU = Release|Any CPU
	EndGlobalSection
	GlobalSection(ProjectConfigurationPlatforms) = postSolution
		{E0F8D1D0-B649-476B-860A-3D17D42475F9}.Debug|Any CPU.ActiveCfg = Debug|Any CPU
		{E0F8D1D0-B649-476B-860A-3D17D42475F9}.Debug|Any CPU.Build.0 = Debug|Any CPU
		{E0F8D1D0-B649-476B-860A-3D17D42475F9}.Release|Any CPU.ActiveCfg = Release|Any CPU
		{E0F8D1D0-B649-476B-860A-3D17D42475F9}.Release|Any CPU.Build.0 = Release|Any CPU
		{7EEAB141-F61A-4185-879F-8F2F7FE8C809}.Debug|Any CPU.ActiveCfg = Debug|Any CPU
		{7EEAB141-F61A-4185-879F-8F2F7FE8C809}.Debug|Any CPU.Build.0 = Debug|Any CPU
		{7EEAB141-F61A-4185-879F-8F2F7FE8C809}.Release|Any CPU.ActiveCfg = Release|Any CPU
		{7EEAB141-F61A-4185-879F-8F2F7FE8C809}.Release|Any CPU.Build.0 = Release|Any CPU
	EndGlobalSection
	GlobalSection(SolutionProperties) = preSolution
		HideSolutionNode = FALSE
	EndGlobalSection
	GlobalSection(ExtensibilityGlobals) = postSolution
		SolutionGuid = {040DE2E6-CBBE-43EC-88EB-2B64390F9752}
	EndGlobalSection
EndGlobal
